
Microsoft Visual Studio Solution File, Format Version 12.00
# Visual Studio Version 16
VisualStudioVersion = 16.0.30309.148
MinimumVisualStudioVersion = 10.0.40219.1
Project("{FAE04EC0-301F-11D3-BF4B-00C04F79EFBC}") = "IdentityDemo.Mvc", "IdentityDemo.Mvc\IdentityDemo.Mvc.csproj", "{4D0BB06F-4242-4635-B9E1-AABD7F70B621}"
EndProject
Global
	GlobalSection(SolutionConfigurationPlatforms) = preSolution
		Debug|Any CPU = Debug|Any CPU
		Release|Any CPU = Release|Any CPU
	EndGlobalSection
	GlobalSection(ProjectConfigurationPlatforms) = postSolution
		{4D0BB06F-4242-4635-B9E1-AABD7F70B621}.Debug|Any CPU.ActiveCfg = Debug|Any CPU
		{4D0BB06F-4242-4635-B9E1-AABD7F70B621}.Debug|Any CPU.Build.0 = Debug|Any CPU
		{4D0BB06F-4242-4635-B9E1-AABD7F70B621}.Release|Any CPU.ActiveCfg = Release|Any CPU
		{4D0BB06F-4242-4635-B9E1-AABD7F70B621}.Release|Any CPU.Build.0 = Release|Any CPU
	EndGlobalSection
	GlobalSection(SolutionProperties) = preSolution
		HideSolutionNode = FALSE
	EndGlobalSection
	GlobalSection(ExtensibilityGlobals) = postSolution
		SolutionGuid = {D957E4F9-2C8E-4287-ABBA-70EF316EB537}
	EndGlobalSection
EndGlobal
